
Microsoft Visual Studio Solution File, Format Version 12.00
# Visual Studio Version 16
VisualStudioVersion = 16.0.29326.143
MinimumVisualStudioVersion = 10.0.40219.1
Project("{FAE04EC0-301F-11D3-BF4B-00C04F79EFBC}") = "MyFirstApp", "MyFirstApp.csproj", "{1F5FB351-14F3-4BD1-B04D-68A4AECE2C39}"
EndProject
Global
	GlobalSection(SolutionConfigurationPlatforms) = preSolution
		Debug|Any CPU = Debug|Any CPU
		Release|Any CPU = Release|Any CPU
	EndGlobalSection
	GlobalSection(ProjectConfigurationPlatforms) = postSolution
		{1F5FB351-14F3-4BD1-B04D-68A4AECE2C39}.Debug|Any CPU.ActiveCfg = Debug|Any CPU
		{1F5FB351-14F3-4BD1-B04D-68A4AECE2C39}.Debug|Any CPU.Build.0 = Debug|Any CPU
		{1F5FB351-14F3-4BD1-B04D-68A4AECE2C39}.Release|Any CPU.ActiveCfg = Release|Any CPU
		{1F5FB351-14F3-4BD1-B04D-68A4AECE2C39}.Release|Any CPU.Build.0 = Release|Any CPU
	EndGlobalSection
	GlobalSection(SolutionProperties) = preSolution
		HideSolutionNode = FALSE
	EndGlobalSection
	GlobalSection(ExtensibilityGlobals) = postSolution
		SolutionGuid = {8D33DC9A-9059-467C-B1A1-4D27856FCEB2}
	EndGlobalSection
EndGlobal
